// !$*UTF8*$!
{
	archiveVersion = 1;
	classes = {
	};
	objectVersion = 50;
	objects = {

/* Begin PBXBuildFile section */
		1815ACFA25564860002A248B /* AppDelegate.swift in Sources */ = {isa = PBXBuildFile; fileRef = 1815ACF925564860002A248B /* AppDelegate.swift */; };
		1815ACFC25564860002A248B /* SceneDelegate.swift in Sources */ = {isa = PBXBuildFile; fileRef = 1815ACFB25564860002A248B /* SceneDelegate.swift */; };
		1815AD0125564860002A248B /* Main.storyboard in Resources */ = {isa = PBXBuildFile; fileRef = 1815ACFF25564860002A248B /* Main.storyboard */; };
		1815AD0325564863002A248B /* Assets.xcassets in Resources */ = {isa = PBXBuildFile; fileRef = 1815AD0225564863002A248B /* Assets.xcassets */; };
		1815AD0625564863002A248B /* LaunchScreen.storyboard in Resources */ = {isa = PBXBuildFile; fileRef = 1815AD0425564863002A248B /* LaunchScreen.storyboard */; };
		1815AD1925564AD7002A248B /* ChartListViewController.swift in Sources */ = {isa = PBXBuildFile; fileRef = 1815AD1825564AD7002A248B /* ChartListViewController.swift */; };
		1815AD1B25564AE3002A248B /* ChartDetailViewController.swift in Sources */ = {isa = PBXBuildFile; fileRef = 1815AD1A25564AE3002A248B /* ChartDetailViewController.swift */; };
		1815AD1D25564AF2002A248B /* NewsViewController.swift in Sources */ = {isa = PBXBuildFile; fileRef = 1815AD1C25564AF2002A248B /* NewsViewController.swift */; };
		1815AD1F25564AFD002A248B /* SettingViewController.swift in Sources */ = {isa = PBXBuildFile; fileRef = 1815AD1E25564AFD002A248B /* SettingViewController.swift */; };
		1815AD2125565690002A248B /* Chart.storyboard in Resources */ = {isa = PBXBuildFile; fileRef = 1815AD202556568F002A248B /* Chart.storyboard */; };
		1815AD24255656AB002A248B /* News.storyboard in Resources */ = {isa = PBXBuildFile; fileRef = 1815AD22255656AB002A248B /* News.storyboard */; };
		1815AD26255656BC002A248B /* Setting.storyboard in Resources */ = {isa = PBXBuildFile; fileRef = 1815AD25255656BC002A248B /* Setting.storyboard */; };
		18430416255F7946002362E3 /* UIColor.swift in Sources */ = {isa = PBXBuildFile; fileRef = 18430415255F7946002362E3 /* UIColor.swift */; };
		1872BADF2568B7F300F68C9E /* Article.swift in Sources */ = {isa = PBXBuildFile; fileRef = 1872BADE2568B7F300F68C9E /* Article.swift */; };
		1872BAE22568B7FF00F68C9E /* ChartData.swift in Sources */ = {isa = PBXBuildFile; fileRef = 1872BAE12568B7FF00F68C9E /* ChartData.swift */; };
		1872BAE52568B80500F68C9E /* CoinData.swift in Sources */ = {isa = PBXBuildFile; fileRef = 1872BAE42568B80500F68C9E /* CoinData.swift */; };
		1872BAE92568B8CA00F68C9E /* NetworkManager.swift in Sources */ = {isa = PBXBuildFile; fileRef = 1872BAE82568B8CA00F68C9E /* NetworkManager.swift */; };
		1872BAF12568C87D00F68C9E /* EndPoint.swift in Sources */ = {isa = PBXBuildFile; fileRef = 1872BAF02568C87D00F68C9E /* EndPoint.swift */; };
		1872BAF42568C89800F68C9E /* Request.swift in Sources */ = {isa = PBXBuildFile; fileRef = 1872BAF32568C89800F68C9E /* Request.swift */; };
		1872BAF72568CD3800F68C9E /* CoinListRequest.swift in Sources */ = {isa = PBXBuildFile; fileRef = 1872BAF62568CD3800F68C9E /* CoinListRequest.swift */; };
		1872BAFA2568CE6500F68C9E /* CoinChartDataRequest.swift in Sources */ = {isa = PBXBuildFile; fileRef = 1872BAF92568CE6500F68C9E /* CoinChartDataRequest.swift */; };
		1872BAFD2568CED400F68C9E /* Period.swift in Sources */ = {isa = PBXBuildFile; fileRef = 1872BAFC2568CED400F68C9E /* Period.swift */; };
		1872BB002568D00E00F68C9E /* NewsListRequest.swift in Sources */ = {isa = PBXBuildFile; fileRef = 1872BAFF2568D00E00F68C9E /* NewsListRequest.swift */; };
/* End PBXBuildFile section */

/* Begin PBXFileReference section */
		1815ACF625564860002A248B /* CoinFlow.app */ = {isa = PBXFileReference; explicitFileType = wrapper.application; includeInIndex = 0; path = CoinFlow.app; sourceTree = BUILT_PRODUCTS_DIR; };
		1815ACF925564860002A248B /* AppDelegate.swift */ = {isa = PBXFileReference; lastKnownFileType = sourcecode.swift; path = AppDelegate.swift; sourceTree = "<group>"; };
		1815ACFB25564860002A248B /* SceneDelegate.swift */ = {isa = PBXFileReference; lastKnownFileType = sourcecode.swift; path = SceneDelegate.swift; sourceTree = "<group>"; };
		1815AD0025564860002A248B /* Base */ = {isa = PBXFileReference; lastKnownFileType = file.storyboard; name = Base; path = Base.lproj/Main.storyboard; sourceTree = "<group>"; };
		1815AD0225564863002A248B /* Assets.xcassets */ = {isa = PBXFileReference; lastKnownFileType = folder.assetcatalog; path = Assets.xcassets; sourceTree = "<group>"; };
		1815AD0525564863002A248B /* Base */ = {isa = PBXFileReference; lastKnownFileType = file.storyboard; name = Base; path = Base.lproj/LaunchScreen.storyboard; sourceTree = "<group>"; };
		1815AD0725564863002A248B /* Info.plist */ = {isa = PBXFileReference; lastKnownFileType = text.plist.xml; path = Info.plist; sourceTree = "<group>"; };
		1815AD1825564AD7002A248B /* ChartListViewController.swift */ = {isa = PBXFileReference; lastKnownFileType = sourcecode.swift; path = ChartListViewController.swift; sourceTree = "<group>"; };
		1815AD1A25564AE3002A248B /* ChartDetailViewController.swift */ = {isa = PBXFileReference; lastKnownFileType = sourcecode.swift; path = ChartDetailViewController.swift; sourceTree = "<group>"; };
		1815AD1C25564AF2002A248B /* NewsViewController.swift */ = {isa = PBXFileReference; lastKnownFileType = sourcecode.swift; path = NewsViewController.swift; sourceTree = "<group>"; };
		1815AD1E25564AFD002A248B /* SettingViewController.swift */ = {isa = PBXFileReference; lastKnownFileType = sourcecode.swift; path = SettingViewController.swift; sourceTree = "<group>"; };
		1815AD202556568F002A248B /* Chart.storyboard */ = {isa = PBXFileReference; fileEncoding = 4; lastKnownFileType = file.storyboard; name = Chart.storyboard; path = CoinFlow/Chart/Chart.storyboard; sourceTree = SOURCE_ROOT; };
		1815AD23255656AB002A248B /* Base */ = {isa = PBXFileReference; lastKnownFileType = file.storyboard; name = Base; path = Base.lproj/News.storyboard; sourceTree = "<group>"; };
		1815AD25255656BC002A248B /* Setting.storyboard */ = {isa = PBXFileReference; fileEncoding = 4; lastKnownFileType = file.storyboard; name = Setting.storyboard; path = CoinFlow/Setting/Setting.storyboard; sourceTree = SOURCE_ROOT; };
		18430415255F7946002362E3 /* UIColor.swift */ = {isa = PBXFileReference; lastKnownFileType = sourcecode.swift; path = UIColor.swift; sourceTree = "<group>"; };
		1872BADE2568B7F300F68C9E /* Article.swift */ = {isa = PBXFileReference; lastKnownFileType = sourcecode.swift; path = Article.swift; sourceTree = "<group>"; };
		1872BAE12568B7FF00F68C9E /* ChartData.swift */ = {isa = PBXFileReference; lastKnownFileType = sourcecode.swift; path = ChartData.swift; sourceTree = "<group>"; };
		1872BAE42568B80500F68C9E /* CoinData.swift */ = {isa = PBXFileReference; lastKnownFileType = sourcecode.swift; path = CoinData.swift; sourceTree = "<group>"; };
		1872BAE82568B8CA00F68C9E /* NetworkManager.swift */ = {isa = PBXFileReference; lastKnownFileType = sourcecode.swift; path = NetworkManager.swift; sourceTree = "<group>"; };
		1872BAF02568C87D00F68C9E /* EndPoint.swift */ = {isa = PBXFileReference; lastKnownFileType = sourcecode.swift; path = EndPoint.swift; sourceTree = "<group>"; };
		1872BAF32568C89800F68C9E /* Request.swift */ = {isa = PBXFileReference; lastKnownFileType = sourcecode.swift; path = Request.swift; sourceTree = "<group>"; };
		1872BAF62568CD3800F68C9E /* CoinListRequest.swift */ = {isa = PBXFileReference; lastKnownFileType = sourcecode.swift; path = CoinListRequest.swift; sourceTree = "<group>"; };
		1872BAF92568CE6500F68C9E /* CoinChartDataRequest.swift */ = {isa = PBXFileReference; lastKnownFileType = sourcecode.swift; path = CoinChartDataRequest.swift; sourceTree = "<group>"; };
		1872BAFC2568CED400F68C9E /* Period.swift */ = {isa = PBXFileReference; lastKnownFileType = sourcecode.swift; path = Period.swift; sourceTree = "<group>"; };
		1872BAFF2568D00E00F68C9E /* NewsListRequest.swift */ = {isa = PBXFileReference; lastKnownFileType = sourcecode.swift; path = NewsListRequest.swift; sourceTree = "<group>"; };
/* End PBXFileReference section */

/* Begin PBXFrameworksBuildPhase section */
		1815ACF325564860002A248B /* Frameworks */ = {
			isa = PBXFrameworksBuildPhase;
			buildActionMask = 2147483647;
			files = (
			);
			runOnlyForDeploymentPostprocessing = 0;
		};
/* End PBXFrameworksBuildPhase section */

/* Begin PBXGroup section */
		1815ACED25564860002A248B = {
			isa = PBXGroup;
			children = (
				1815ACF825564860002A248B /* CoinFlow */,
				1815ACF725564860002A248B /* Products */,
			);
			sourceTree = "<group>";
		};
		1815ACF725564860002A248B /* Products */ = {
			isa = PBXGroup;
			children = (
				1815ACF625564860002A248B /* CoinFlow.app */,
			);
			name = Products;
			sourceTree = "<group>";
		};
		1815ACF825564860002A248B /* CoinFlow */ = {
			isa = PBXGroup;
			children = (
				1872BAED2568B8D600F68C9E /* Network */,
				1843041A255F795F002362E3 /* Extension */,
				1815AD15255649E1002A248B /* Setting */,
				1815AD14255649D7002A248B /* News */,
				1815AD13255649CE002A248B /* Chart */,
				1872BAE72568B80900F68C9E /* Model */,
				1815ACF925564860002A248B /* AppDelegate.swift */,
				1815ACFB25564860002A248B /* SceneDelegate.swift */,
				1815ACFF25564860002A248B /* Main.storyboard */,
				1815AD0225564863002A248B /* Assets.xcassets */,
				1815AD0425564863002A248B /* LaunchScreen.storyboard */,
				1815AD0725564863002A248B /* Info.plist */,
			);
			path = CoinFlow;
			sourceTree = "<group>";
		};
		1815AD13255649CE002A248B /* Chart */ = {
			isa = PBXGroup;
			children = (
				1815AD202556568F002A248B /* Chart.storyboard */,
				1815AD1825564AD7002A248B /* ChartListViewController.swift */,
				1815AD1A25564AE3002A248B /* ChartDetailViewController.swift */,
			);
			path = Chart;
			sourceTree = "<group>";
		};
		1815AD14255649D7002A248B /* News */ = {
			isa = PBXGroup;
			children = (
				1815AD1C25564AF2002A248B /* NewsViewController.swift */,
				1815AD22255656AB002A248B /* News.storyboard */,
			);
			path = News;
			sourceTree = "<group>";
		};
		1815AD15255649E1002A248B /* Setting */ = {
			isa = PBXGroup;
			children = (
				1815AD1E25564AFD002A248B /* SettingViewController.swift */,
				1815AD25255656BC002A248B /* Setting.storyboard */,
			);
			path = Setting;
			sourceTree = "<group>";
		};
		1843041A255F795F002362E3 /* Extension */ = {
			isa = PBXGroup;
			children = (
				18430415255F7946002362E3 /* UIColor.swift */,
			);
			path = Extension;
			sourceTree = "<group>";
		};
		1872BAE72568B80900F68C9E /* Model */ = {
			isa = PBXGroup;
			children = (
				1872BADE2568B7F300F68C9E /* Article.swift */,
				1872BAE12568B7FF00F68C9E /* ChartData.swift */,
				1872BAE42568B80500F68C9E /* CoinData.swift */,
				1872BAFC2568CED400F68C9E /* Period.swift */,
			);
			path = Model;
			sourceTree = "<group>";
		};
		1872BAED2568B8D600F68C9E /* Network */ = {
			isa = PBXGroup;
			children = (
				1872BAE82568B8CA00F68C9E /* NetworkManager.swift */,
				1872BAF02568C87D00F68C9E /* EndPoint.swift */,
				1872BAF32568C89800F68C9E /* Request.swift */,
				1872BAF62568CD3800F68C9E /* CoinListRequest.swift */,
				1872BAF92568CE6500F68C9E /* CoinChartDataRequest.swift */,
				1872BAFF2568D00E00F68C9E /* NewsListRequest.swift */,
			);
			path = Network;
			sourceTree = "<group>";
		};
/* End PBXGroup section */

/* Begin PBXNativeTarget section */
		1815ACF525564860002A248B /* CoinFlow */ = {
			isa = PBXNativeTarget;
			buildConfigurationList = 1815AD0A25564863002A248B /* Build configuration list for PBXNativeTarget "CoinFlow" */;
			buildPhases = (
				1815ACF225564860002A248B /* Sources */,
				1815ACF325564860002A248B /* Frameworks */,
				1815ACF425564860002A248B /* Resources */,
			);
			buildRules = (
			);
			dependencies = (
			);
			name = CoinFlow;
			productName = CoinFlow;
			productReference = 1815ACF625564860002A248B /* CoinFlow.app */;
			productType = "com.apple.product-type.application";
		};
/* End PBXNativeTarget section */

/* Begin PBXProject section */
		1815ACEE25564860002A248B /* Project object */ = {
			isa = PBXProject;
			attributes = {
				LastSwiftUpdateCheck = 1150;
				LastUpgradeCheck = 1150;
				ORGANIZATIONNAME = KeunHyeong;
				TargetAttributes = {
					1815ACF525564860002A248B = {
						CreatedOnToolsVersion = 11.5;
					};
				};
			};
			buildConfigurationList = 1815ACF125564860002A248B /* Build configuration list for PBXProject "CoinFlow" */;
			compatibilityVersion = "Xcode 9.3";
			developmentRegion = en;
			hasScannedForEncodings = 0;
			knownRegions = (
				en,
				Base,
			);
			mainGroup = 1815ACED25564860002A248B;
			productRefGroup = 1815ACF725564860002A248B /* Products */;
			projectDirPath = "";
			projectRoot = "";
			targets = (
				1815ACF525564860002A248B /* CoinFlow */,
			);
		};
/* End PBXProject section */

/* Begin PBXResourcesBuildPhase section */
		1815ACF425564860002A248B /* Resources */ = {
			isa = PBXResourcesBuildPhase;
			buildActionMask = 2147483647;
			files = (
				1815AD0625564863002A248B /* LaunchScreen.storyboard in Resources */,
				1815AD2125565690002A248B /* Chart.storyboard in Resources */,
				1815AD24255656AB002A248B /* News.storyboard in Resources */,
				1815AD0325564863002A248B /* Assets.xcassets in Resources */,
				1815AD0125564860002A248B /* Main.storyboard in Resources */,
				1815AD26255656BC002A248B /* Setting.storyboard in Resources */,
			);
			runOnlyForDeploymentPostprocessing = 0;
		};
/* End PBXResourcesBuildPhase section */

/* Begin PBXSourcesBuildPhase section */
		1815ACF225564860002A248B /* Sources */ = {
			isa = PBXSourcesBuildPhase;
			buildActionMask = 2147483647;
			files = (
				1815AD1B25564AE3002A248B /* ChartDetailViewController.swift in Sources */,
				1872BAF42568C89800F68C9E /* Request.swift in Sources */,
				18430416255F7946002362E3 /* UIColor.swift in Sources */,
				1872BAE52568B80500F68C9E /* CoinData.swift in Sources */,
				1815AD1925564AD7002A248B /* ChartListViewController.swift in Sources */,
				1872BAFA2568CE6500F68C9E /* CoinChartDataRequest.swift in Sources */,
				1872BAE92568B8CA00F68C9E /* NetworkManager.swift in Sources */,
				1815AD1D25564AF2002A248B /* NewsViewController.swift in Sources */,
				1872BAF12568C87D00F68C9E /* EndPoint.swift in Sources */,
				1872BAE22568B7FF00F68C9E /* ChartData.swift in Sources */,
				1872BAFD2568CED400F68C9E /* Period.swift in Sources */,
				1872BADF2568B7F300F68C9E /* Article.swift in Sources */,
				1815ACFA25564860002A248B /* AppDelegate.swift in Sources */,
				1815AD1F25564AFD002A248B /* SettingViewController.swift in Sources */,
				1872BB002568D00E00F68C9E /* NewsListRequest.swift in Sources */,
				1872BAF72568CD3800F68C9E /* CoinListRequest.swift in Sources */,
				1815ACFC25564860002A248B /* SceneDelegate.swift in Sources */,
			);
			runOnlyForDeploymentPostprocessing = 0;
		};
/* End PBXSourcesBuildPhase section */

/* Begin PBXVariantGroup section */
		1815ACFF25564860002A248B /* Main.storyboard */ = {
			isa = PBXVariantGroup;
			children = (
				1815AD0025564860002A248B /* Base */,
			);
			name = Main.storyboard;
			sourceTree = "<group>";
		};
		1815AD0425564863002A248B /* LaunchScreen.storyboard */ = {
			isa = PBXVariantGroup;
			children = (
				1815AD0525564863002A248B /* Base */,
			);
			name = LaunchScreen.storyboard;
			sourceTree = "<group>";
		};
		1815AD22255656AB002A248B /* News.storyboard */ = {
			isa = PBXVariantGroup;
			children = (
				1815AD23255656AB002A248B /* Base */,
			);
			name = News.storyboard;
			sourceTree = "<group>";
		};
/* End PBXVariantGroup section */

/* Begin XCBuildConfiguration section */
		1815AD0825564863002A248B /* Debug */ = {
			isa = XCBuildConfiguration;
			buildSettings = {
				ALWAYS_SEARCH_USER_PATHS = NO;
				CLANG_ANALYZER_NONNULL = YES;
				CLANG_ANALYZER_NUMBER_OBJECT_CONVERSION = YES_AGGRESSIVE;
				CLANG_CXX_LANGUAGE_STANDARD = "gnu++14";
				CLANG_CXX_LIBRARY = "libc++";
				CLANG_ENABLE_MODULES = YES;
				CLANG_ENABLE_OBJC_ARC = YES;
				CLANG_ENABLE_OBJC_WEAK = YES;
				CLANG_WARN_BLOCK_CAPTURE_AUTORELEASING = YES;
				CLANG_WARN_BOOL_CONVERSION = YES;
				CLANG_WARN_COMMA = YES;
				CLANG_WARN_CONSTANT_CONVERSION = YES;
				CLANG_WARN_DEPRECATED_OBJC_IMPLEMENTATIONS = YES;
				CLANG_WARN_DIRECT_OBJC_ISA_USAGE = YES_ERROR;
				CLANG_WARN_DOCUMENTATION_COMMENTS = YES;
				CLANG_WARN_EMPTY_BODY = YES;
				CLANG_WARN_ENUM_CONVERSION = YES;
				CLANG_WARN_INFINITE_RECURSION = YES;
				CLANG_WARN_INT_CONVERSION = YES;
				CLANG_WARN_NON_LITERAL_NULL_CONVERSION = YES;
				CLANG_WARN_OBJC_IMPLICIT_RETAIN_SELF = YES;
				CLANG_WARN_OBJC_LITERAL_CONVERSION = YES;
				CLANG_WARN_OBJC_ROOT_CLASS = YES_ERROR;
				CLANG_WARN_RANGE_LOOP_ANALYSIS = YES;
				CLANG_WARN_STRICT_PROTOTYPES = YES;
				CLANG_WARN_SUSPICIOUS_MOVE = YES;
				CLANG_WARN_UNGUARDED_AVAILABILITY = YES_AGGRESSIVE;
				CLANG_WARN_UNREACHABLE_CODE = YES;
				CLANG_WARN__DUPLICATE_METHOD_MATCH = YES;
				COPY_PHASE_STRIP = NO;
				DEBUG_INFORMATION_FORMAT = dwarf;
				ENABLE_STRICT_OBJC_MSGSEND = YES;
				ENABLE_TESTABILITY = YES;
				GCC_C_LANGUAGE_STANDARD = gnu11;
				GCC_DYNAMIC_NO_PIC = NO;
				GCC_NO_COMMON_BLOCKS = YES;
				GCC_OPTIMIZATION_LEVEL = 0;
				GCC_PREPROCESSOR_DEFINITIONS = (
					"DEBUG=1",
					"$(inherited)",
				);
				GCC_WARN_64_TO_32_BIT_CONVERSION = YES;
				GCC_WARN_ABOUT_RETURN_TYPE = YES_ERROR;
				GCC_WARN_UNDECLARED_SELECTOR = YES;
				GCC_WARN_UNINITIALIZED_AUTOS = YES_AGGRESSIVE;
				GCC_WARN_UNUSED_FUNCTION = YES;
				GCC_WARN_UNUSED_VARIABLE = YES;
				IPHONEOS_DEPLOYMENT_TARGET = 13.5;
				MTL_ENABLE_DEBUG_INFO = INCLUDE_SOURCE;
				MTL_FAST_MATH = YES;
				ONLY_ACTIVE_ARCH = YES;
				SDKROOT = iphoneos;
				SWIFT_ACTIVE_COMPILATION_CONDITIONS = DEBUG;
				SWIFT_OPTIMIZATION_LEVEL = "-Onone";
			};
			name = Debug;
		};
		1815AD0925564863002A248B /* Release */ = {
			isa = XCBuildConfiguration;
			buildSettings = {
				ALWAYS_SEARCH_USER_PATHS = NO;
				CLANG_ANALYZER_NONNULL = YES;
				CLANG_ANALYZER_NUMBER_OBJECT_CONVERSION = YES_AGGRESSIVE;
				CLANG_CXX_LANGUAGE_STANDARD = "gnu++14";
				CLANG_CXX_LIBRARY = "libc++";
				CLANG_ENABLE_MODULES = YES;
				CLANG_ENABLE_OBJC_ARC = YES;
				CLANG_ENABLE_OBJC_WEAK = YES;
				CLANG_WARN_BLOCK_CAPTURE_AUTORELEASING = YES;
				CLANG_WARN_BOOL_CONVERSION = YES;
				CLANG_WARN_COMMA = YES;
				CLANG_WARN_CONSTANT_CONVERSION = YES;
				CLANG_WARN_DEPRECATED_OBJC_IMPLEMENTATIONS = YES;
				CLANG_WARN_DIRECT_OBJC_ISA_USAGE = YES_ERROR;
				CLANG_WARN_DOCUMENTATION_COMMENTS = YES;
				CLANG_WARN_EMPTY_BODY = YES;
				CLANG_WARN_ENUM_CONVERSION = YES;
				CLANG_WARN_INFINITE_RECURSION = YES;
				CLANG_WARN_INT_CONVERSION = YES;
				CLANG_WARN_NON_LITERAL_NULL_CONVERSION = YES;
				CLANG_WARN_OBJC_IMPLICIT_RETAIN_SELF = YES;
				CLANG_WARN_OBJC_LITERAL_CONVERSION = YES;
				CLANG_WARN_OBJC_ROOT_CLASS = YES_ERROR;
				CLANG_WARN_RANGE_LOOP_ANALYSIS = YES;
				CLANG_WARN_STRICT_PROTOTYPES = YES;
				CLANG_WARN_SUSPICIOUS_MOVE = YES;
				CLANG_WARN_UNGUARDED_AVAILABILITY = YES_AGGRESSIVE;
				CLANG_WARN_UNREACHABLE_CODE = YES;
				CLANG_WARN__DUPLICATE_METHOD_MATCH = YES;
				COPY_PHASE_STRIP = NO;
				DEBUG_INFORMATION_FORMAT = "dwarf-with-dsym";
				ENABLE_NS_ASSERTIONS = NO;
				ENABLE_STRICT_OBJC_MSGSEND = YES;
				GCC_C_LANGUAGE_STANDARD = gnu11;
				GCC_NO_COMMON_BLOCKS = YES;
				GCC_WARN_64_TO_32_BIT_CONVERSION = YES;
				GCC_WARN_ABOUT_RETURN_TYPE = YES_ERROR;
				GCC_WARN_UNDECLARED_SELECTOR = YES;
				GCC_WARN_UNINITIALIZED_AUTOS = YES_AGGRESSIVE;
				GCC_WARN_UNUSED_FUNCTION = YES;
				GCC_WARN_UNUSED_VARIABLE = YES;
				IPHONEOS_DEPLOYMENT_TARGET = 13.5;
				MTL_ENABLE_DEBUG_INFO = NO;
				MTL_FAST_MATH = YES;
				SDKROOT = iphoneos;
				SWIFT_COMPILATION_MODE = wholemodule;
				SWIFT_OPTIMIZATION_LEVEL = "-O";
				VALIDATE_PRODUCT = YES;
			};
			name = Release;
		};
		1815AD0B25564863002A248B /* Debug */ = {
			isa = XCBuildConfiguration;
			buildSettings = {
				ASSETCATALOG_COMPILER_APPICON_NAME = AppIcon;
				CODE_SIGN_STYLE = Automatic;
				DEVELOPMENT_TEAM = PMFU8Q53PV;
				INFOPLIST_FILE = CoinFlow/Info.plist;
				LD_RUNPATH_SEARCH_PATHS = (
					"$(inherited)",
					"@executable_path/Frameworks",
				);
				PRODUCT_BUNDLE_IDENTIFIER = com.keunhyeong.CoinFlow;
				PRODUCT_NAME = "$(TARGET_NAME)";
				SWIFT_VERSION = 5.0;
				TARGETED_DEVICE_FAMILY = "1,2";
			};
			name = Debug;
		};
		1815AD0C25564863002A248B /* Release */ = {
			isa = XCBuildConfiguration;
			buildSettings = {
				ASSETCATALOG_COMPILER_APPICON_NAME = AppIcon;
				CODE_SIGN_STYLE = Automatic;
				DEVELOPMENT_TEAM = PMFU8Q53PV;
				INFOPLIST_FILE = CoinFlow/Info.plist;
				LD_RUNPATH_SEARCH_PATHS = (
					"$(inherited)",
					"@executable_path/Frameworks",
				);
				PRODUCT_BUNDLE_IDENTIFIER = com.keunhyeong.CoinFlow;
				PRODUCT_NAME = "$(TARGET_NAME)";
				SWIFT_VERSION = 5.0;
				TARGETED_DEVICE_FAMILY = "1,2";
			};
			name = Release;
		};
/* End XCBuildConfiguration section */

/* Begin XCConfigurationList section */
		1815ACF125564860002A248B /* Build configuration list for PBXProject "CoinFlow" */ = {
			isa = XCConfigurationList;
			buildConfigurations = (
				1815AD0825564863002A248B /* Debug */,
				1815AD0925564863002A248B /* Release */,
			);
			defaultConfigurationIsVisible = 0;
			defaultConfigurationName = Release;
		};
		1815AD0A25564863002A248B /* Build configuration list for PBXNativeTarget "CoinFlow" */ = {
			isa = XCConfigurationList;
			buildConfigurations = (
				1815AD0B25564863002A248B /* Debug */,
				1815AD0C25564863002A248B /* Release */,
			);
			defaultConfigurationIsVisible = 0;
			defaultConfigurationName = Release;
		};
/* End XCConfigurationList section */
	};
	rootObject = 1815ACEE25564860002A248B /* Project object */;
}
